
Microsoft Visual Studio Solution File, Format Version 12.00
# Visual Studio Version 16
VisualStudioVersion = 16.0.31613.86
MinimumVisualStudioVersion = 10.0.40219.1
Project("{FAE04EC0-301F-11D3-BF4B-00C04F79EFBC}") = "translator", "translator.csproj", "{0B31D1B5-FC38-4114-AEF2-00F8E6B617A8}"
EndProject
Global
	GlobalSection(SolutionConfigurationPlatforms) = preSolution
		Debug|Any CPU = Debug|Any CPU
		Release|Any CPU = Release|Any CPU
	EndGlobalSection
	GlobalSection(ProjectConfigurationPlatforms) = postSolution
		{0B31D1B5-FC38-4114-AEF2-00F8E6B617A8}.Debug|Any CPU.ActiveCfg = Debug|Any CPU
		{0B31D1B5-FC38-4114-AEF2-00F8E6B617A8}.Debug|Any CPU.Build.0 = Debug|Any CPU
		{0B31D1B5-FC38-4114-AEF2-00F8E6B617A8}.Release|Any CPU.ActiveCfg = Release|Any CPU
		{0B31D1B5-FC38-4114-AEF2-00F8E6B617A8}.Release|Any CPU.Build.0 = Release|Any CPU
	EndGlobalSection
	GlobalSection(SolutionProperties) = preSolution
		HideSolutionNode = FALSE
	EndGlobalSection
	GlobalSection(ExtensibilityGlobals) = postSolution
		SolutionGuid = {5699BEC5-1649-4506-91B4-496B0987C070}
	EndGlobalSection
EndGlobal
